# THIS IS AN AUTOGENERATED FILE. DO NOT EDIT THIS FILE DIRECTLY.
# yarn lockfile v1


lucide@^0.525.0:
  version "0.525.0"
  resolved "https://registry.yarnpkg.com/lucide/-/lucide-0.525.0.tgz#9afb752d6f6276f46487b9ca08f9fcc6aef757cb"
  integrity sha512-sfehWlaE/7NVkcEQ4T9JD3eID8RNMIGJBBUq9wF3UFiJIrcMKRbU3g1KGfDk4svcW7yw8BtDLXaXo02scDtUYQ==
